{
  "projects": [
    {
      "projectId": "7nJ7UcFmq9UzB6eXfC5z4a",
      "version": "0.20.0",
      "dependencies": {},
      "lang": "js",
      "fileLocks": [
        {
          "assetId": "7nJ7UcFmq9UzB6eXfC5z4a",
          "type": "projectCss",
          "checksum": "05587b57f22f0ec8bb54543deb39762e"
        }
      ],
      "codegenVersion": "0.0.1"
    },
    {
      "projectId": "wdjrQSNRX7ys49KwqunuZ4",
      "version": "latest",
      "dependencies": {
        "7nJ7UcFmq9UzB6eXfC5z4a": "0.20.0"
      },
      "lang": "js",
      "fileLocks": [
        {
          "type": "globalVariant",
          "assetId": "HbagvQWqcZ69",
          "checksum": "a77636f83ea1e30e3029f983f6326e4d"
        },
        {
          "type": "renderModule",
          "assetId": "oid2b1BUmtDM",
          "checksum": "873349374273588d796769817cf0d69a"
        },
        {
          "type": "cssRules",
          "assetId": "oid2b1BUmtDM",
          "checksum": "873349374273588d796769817cf0d69a"
        },
        {
          "type": "renderModule",
          "assetId": "7oMbG7rPxeuI",
          "checksum": "7a41d5242764a9f5866bae86a9471d9b"
        },
        {
          "type": "cssRules",
          "assetId": "7oMbG7rPxeuI",
          "checksum": "7a41d5242764a9f5866bae86a9471d9b"
        },
        {
          "type": "renderModule",
          "assetId": "Oysh0VX3iPjP",
          "checksum": "7b33f73576087e3e9b62997627b5b734"
        },
        {
          "type": "cssRules",
          "assetId": "Oysh0VX3iPjP",
          "checksum": "7b33f73576087e3e9b62997627b5b734"
        },
        {
          "type": "renderModule",
          "assetId": "wrxpu3kWPdwE",
          "checksum": "631d86c89a4489e6f73ac4bceb7b1b35"
        },
        {
          "type": "cssRules",
          "assetId": "wrxpu3kWPdwE",
          "checksum": "631d86c89a4489e6f73ac4bceb7b1b35"
        },
        {
          "type": "renderModule",
          "assetId": "Tdr0_KJBIQvv",
          "checksum": "4117f62e96eb0dad1b5d4e9dacc87d68"
        },
        {
          "type": "cssRules",
          "assetId": "Tdr0_KJBIQvv",
          "checksum": "4117f62e96eb0dad1b5d4e9dacc87d68"
        },
        {
          "type": "renderModule",
          "assetId": "t96iChT22ax_",
          "checksum": "88e8e464f138d21bf728578444796189"
        },
        {
          "type": "cssRules",
          "assetId": "t96iChT22ax_",
          "checksum": "88e8e464f138d21bf728578444796189"
        },
        {
          "type": "renderModule",
          "assetId": "yggtVJS1J1Ff",
          "checksum": "ea23198a558f7aa32219e22ed8634bfa"
        },
        {
          "type": "cssRules",
          "assetId": "yggtVJS1J1Ff",
          "checksum": "ea23198a558f7aa32219e22ed8634bfa"
        },
        {
          "type": "renderModule",
          "assetId": "27C2wBxjPhmw",
          "checksum": "de150f729c9e6edc2c0a3d2e32446f3e"
        },
        {
          "type": "cssRules",
          "assetId": "27C2wBxjPhmw",
          "checksum": "de150f729c9e6edc2c0a3d2e32446f3e"
        },
        {
          "type": "renderModule",
          "assetId": "2vtbzB0tVFMs",
          "checksum": "21075d6a17e3b8a168a54b38e6e500fb"
        },
        {
          "type": "cssRules",
          "assetId": "2vtbzB0tVFMs",
          "checksum": "21075d6a17e3b8a168a54b38e6e500fb"
        },
        {
          "type": "icon",
          "assetId": "44wUVMPua25a",
          "checksum": "9b3985cbaacf9d6bf4bed91ec19c491d"
        },
        {
          "type": "icon",
          "assetId": "Hogi5JgDXKNY",
          "checksum": "202a4301c5d4f2708f6c22bd819164c8"
        },
        {
          "type": "icon",
          "assetId": "thwo51VmiAJO",
          "checksum": "4780f0a5f0d1779d5903e6c1af756bc8"
        },
        {
          "type": "icon",
          "assetId": "PrSRye6pckKO",
          "checksum": "d2a86aaedc57f1480a124cef0ee5fd5f"
        },
        {
          "type": "icon",
          "assetId": "apyohXAJ44ES",
          "checksum": "916c5413d8c27b4ea162017b775d5de0"
        },
        {
          "type": "icon",
          "assetId": "y9xDYgiO9EfY",
          "checksum": "2c112fda70877fa127402fb163e87f57"
        },
        {
          "type": "icon",
          "assetId": "jLMzU1Vrbwnc",
          "checksum": "25218f8e81afed937faf01ff98c67cdf"
        },
        {
          "type": "icon",
          "assetId": "r34WdRvBJ2B1",
          "checksum": "567b5fcab313b035edcdd9b8b1c39af5"
        },
        {
          "type": "icon",
          "assetId": "0tuj46SHnp-D",
          "checksum": "1c0e385271c06bedd6e69affa777108f"
        },
        {
          "type": "icon",
          "assetId": "RFIP49TPTasa",
          "checksum": "7f93f824ac3988dada5da65019f552ff"
        },
        {
          "type": "icon",
          "assetId": "YvWdkBFCv48r",
          "checksum": "ff6a30b713c476e58261bab938d1c376"
        },
        {
          "type": "icon",
          "assetId": "RPWCCLDq-60v",
          "checksum": "92e19d6b039f2e590662c790d19aaac2"
        },
        {
          "type": "image",
          "assetId": "21cgRaRESwYC",
          "checksum": "ea3d19b8a76e14e69c805d204c347874"
        },
        {
          "type": "image",
          "assetId": "_Jw1z5wFYnzP",
          "checksum": "12879b38346dab07d3053ceb74610d25"
        },
        {
          "type": "image",
          "assetId": "TfiNU4HUiFQl",
          "checksum": "e7c0fefacf684c868029026432ccf6c2"
        },
        {
          "type": "image",
          "assetId": "lz_qQ-eni6OX",
          "checksum": "b15937c778e531bbd97ccbc0bb7f6adf"
        },
        {
          "type": "image",
          "assetId": "9WLk1os26yPG",
          "checksum": "4075599cd2a85e7f75c7e8a0c61996db"
        },
        {
          "type": "image",
          "assetId": "40R5-hQNTfyu",
          "checksum": "ff1b7586211480eeffdd61a764ec7bcf"
        },
        {
          "type": "image",
          "assetId": "gK9tKpSjiMmV",
          "checksum": "9ef8a9ac5ac507177c69403bd7da87f9"
        },
        {
          "type": "image",
          "assetId": "VnJOld_lsVmP",
          "checksum": "0449b36a1b41c882a5af3c89d1f57aba"
        },
        {
          "type": "image",
          "assetId": "JdtgIEhW0Kxk",
          "checksum": "9097e6e778de224271e9666f51d1e3b3"
        },
        {
          "type": "image",
          "assetId": "PNDktkl4aLJl",
          "checksum": "42a643a1eab30a912a1f66c606210c4e"
        },
        {
          "type": "image",
          "assetId": "3larGNI_vbkt",
          "checksum": "4bd6b3713ca5fd1863d6a83501271f5d"
        },
        {
          "type": "image",
          "assetId": "ihKcdc3HpTVo",
          "checksum": "dfbbb3e00539a81167956421ee8f8d87"
        },
        {
          "type": "image",
          "assetId": "r0kteU1VBuJU",
          "checksum": "6c6734cfbb57dfb7d1c47f9586375ce1"
        },
        {
          "type": "image",
          "assetId": "elvCT4kfFQga",
          "checksum": "3501f3b46ffdc9c4d45416b1b8f1ab02"
        },
        {
          "type": "image",
          "assetId": "VQkke07uX1g2",
          "checksum": "79110cda04b2c5c103bbebb46e607b09"
        },
        {
          "type": "image",
          "assetId": "syq48LD5coVm",
          "checksum": "aaabd121eb20b1b4fa65e1da7d58aeca"
        },
        {
          "type": "image",
          "assetId": "2wS4u681mSI-",
          "checksum": "6b6989afd27eeee93f7c5a4affbcad82"
        },
        {
          "type": "image",
          "assetId": "_KvIwqhCq2qm",
          "checksum": "53e30b417318e8d692299daf252eba8b"
        },
        {
          "type": "image",
          "assetId": "mntDUSVpT46Z",
          "checksum": "766ba3609e3ddd3f3f94267d41e2f638"
        },
        {
          "type": "image",
          "assetId": "9Rq-W1GhkFfp",
          "checksum": "18c7a7af3da9ee44f56d4687905018d0"
        },
        {
          "type": "image",
          "assetId": "9TpHi7n0Vte9",
          "checksum": "2105dde12fe8477cd0f3ba59abfc1d31"
        },
        {
          "type": "image",
          "assetId": "oeYCDuJP5Q8T",
          "checksum": "dd60eb8d4868e5ef045ba4ad1beb0164"
        },
        {
          "type": "image",
          "assetId": "U3bpu8Agloml",
          "checksum": "732149b45775a6f97847d2292b24658c"
        },
        {
          "type": "image",
          "assetId": "9qx-UBVCDXBv",
          "checksum": "bb2fb042eaeb7c098dff469fdd7d0fc4"
        },
        {
          "assetId": "wdjrQSNRX7ys49KwqunuZ4",
          "type": "projectCss",
          "checksum": "bc53cf9dd1c6d41f13e76765ff36186f"
        },
        {
          "type": "renderModule",
          "assetId": "cu9bSkvfJWdw",
          "checksum": "482fbd5c03ce7b39dde908e3a33cadcd"
        },
        {
          "type": "cssRules",
          "assetId": "cu9bSkvfJWdw",
          "checksum": "482fbd5c03ce7b39dde908e3a33cadcd"
        },
        {
          "type": "renderModule",
          "assetId": "QOsFSWOUIdhq",
          "checksum": "43811b7779ca3708e182b196398673ae"
        },
        {
          "type": "cssRules",
          "assetId": "QOsFSWOUIdhq",
          "checksum": "43811b7779ca3708e182b196398673ae"
        },
        {
          "type": "renderModule",
          "assetId": "44JppnCAf-bN",
          "checksum": "e12efd50a5d8a9a7243bde8db5043563"
        },
        {
          "type": "cssRules",
          "assetId": "44JppnCAf-bN",
          "checksum": "e12efd50a5d8a9a7243bde8db5043563"
        },
        {
          "type": "renderModule",
          "assetId": "ASEdLW6d9C-6",
          "checksum": "ff4a523faddfaf4edf42b4c945fcfc49"
        },
        {
          "type": "cssRules",
          "assetId": "ASEdLW6d9C-6",
          "checksum": "ff4a523faddfaf4edf42b4c945fcfc49"
        },
        {
          "type": "renderModule",
          "assetId": "A1LqozDiAk3W",
          "checksum": "2918ddc3d88308fcd83c2aa6659e8373"
        },
        {
          "type": "cssRules",
          "assetId": "A1LqozDiAk3W",
          "checksum": "2918ddc3d88308fcd83c2aa6659e8373"
        },
        {
          "type": "renderModule",
          "assetId": "jVOoF1I3g5G3",
          "checksum": "758fe915f0268499907f212944bbea46"
        },
        {
          "type": "cssRules",
          "assetId": "jVOoF1I3g5G3",
          "checksum": "758fe915f0268499907f212944bbea46"
        },
        {
          "type": "renderModule",
          "assetId": "Y70Dlx0E-tGd",
          "checksum": "daa3ba8d9b6b544c75de54bd635e6fc1"
        },
        {
          "type": "cssRules",
          "assetId": "Y70Dlx0E-tGd",
          "checksum": "daa3ba8d9b6b544c75de54bd635e6fc1"
        },
        {
          "type": "renderModule",
          "assetId": "n0rRlLO8UOyT",
          "checksum": "d99228674c793fb1b5ed7e5eba06c6ab"
        },
        {
          "type": "cssRules",
          "assetId": "n0rRlLO8UOyT",
          "checksum": "d99228674c793fb1b5ed7e5eba06c6ab"
        },
        {
          "type": "icon",
          "assetId": "rTP78NEKwayd",
          "checksum": "494d3eb37ddeabeb017c7688c1d3f66c"
        },
        {
          "type": "icon",
          "assetId": "XEZi6PUVmw5z",
          "checksum": "f237884ad2674913edfe044b477ed092"
        },
        {
          "type": "image",
          "assetId": "Vzu70SZBCbY6",
          "checksum": "6d58434b83672bda2102fc433bc7d830"
        },
        {
          "type": "image",
          "assetId": "PTp9P63WDFmx",
          "checksum": "69886116d3a6beb573c25da247d6a080"
        },
        {
          "type": "image",
          "assetId": "dGxpw-bZ9D3T",
          "checksum": "7e1e8b32803e622de2fc7e20c48406ac"
        },
        {
          "type": "image",
          "assetId": "zFkd5sBxe5YG",
          "checksum": "33ec317c2894bc2b69d0fc03ca75a026"
        },
        {
          "type": "image",
          "assetId": "9JOY5dhkUsr5",
          "checksum": "9789203bf28ab9de6787134bcd99f080"
        },
        {
          "type": "image",
          "assetId": "OqeMK9XR5N61",
          "checksum": "9545c1fcf02408e20749d57d47f8dd55"
        },
        {
          "type": "image",
          "assetId": "HhE6jMXsSnIA",
          "checksum": "d08d71a2e6c873e585c00af912998d22"
        },
        {
          "type": "image",
          "assetId": "ubWRGlrOVxr6",
          "checksum": "6861d015929269cf22807f44c2febd77"
        },
        {
          "type": "image",
          "assetId": "ROZBpIeU6BBU",
          "checksum": "097a519cf1d30b5d6374b4f63a637829"
        }
      ],
      "codegenVersion": "0.0.1"
    }
  ],
  "cliVersion": "0.1.308"
}
