{
  "projects": [
    {
      "projectId": "7nJ7UcFmq9UzB6eXfC5z4a",
      "version": "0.20.0",
      "dependencies": {},
      "lang": "js",
      "fileLocks": [
        {
          "assetId": "7nJ7UcFmq9UzB6eXfC5z4a",
          "type": "projectCss",
          "checksum": "05587b57f22f0ec8bb54543deb39762e"
        }
      ],
      "codegenVersion": "0.0.1"
    },
    {
      "projectId": "wdjrQSNRX7ys49KwqunuZ4",
      "version": "latest",
      "dependencies": {
        "7nJ7UcFmq9UzB6eXfC5z4a": "0.20.0"
      },
      "lang": "js",
      "fileLocks": [
        {
          "type": "globalVariant",
          "assetId": "HbagvQWqcZ69",
          "checksum": "a77636f83ea1e30e3029f983f6326e4d"
        },
        {
          "type": "renderModule",
          "assetId": "oid2b1BUmtDM",
          "checksum": "9bbc48aad03d558747d7514a984afb1b"
        },
        {
          "type": "cssRules",
          "assetId": "oid2b1BUmtDM",
          "checksum": "9bbc48aad03d558747d7514a984afb1b"
        },
        {
          "type": "renderModule",
          "assetId": "7oMbG7rPxeuI",
          "checksum": "f1d521d178d91df321f109733bcd5924"
        },
        {
          "type": "cssRules",
          "assetId": "7oMbG7rPxeuI",
          "checksum": "f1d521d178d91df321f109733bcd5924"
        },
        {
          "type": "renderModule",
          "assetId": "Oysh0VX3iPjP",
          "checksum": "01491c33ceca24f357a8d53b563c49b8"
        },
        {
          "type": "cssRules",
          "assetId": "Oysh0VX3iPjP",
          "checksum": "01491c33ceca24f357a8d53b563c49b8"
        },
        {
          "type": "renderModule",
          "assetId": "wrxpu3kWPdwE",
          "checksum": "ee027df9646bbbc41a12bbfc9818b889"
        },
        {
          "type": "cssRules",
          "assetId": "wrxpu3kWPdwE",
          "checksum": "ee027df9646bbbc41a12bbfc9818b889"
        },
        {
          "type": "renderModule",
          "assetId": "Tdr0_KJBIQvv",
          "checksum": "783b1426a14b73c155405e35240fba50"
        },
        {
          "type": "cssRules",
          "assetId": "Tdr0_KJBIQvv",
          "checksum": "783b1426a14b73c155405e35240fba50"
        },
        {
          "type": "renderModule",
          "assetId": "t96iChT22ax_",
          "checksum": "31e11c5aa576fb7591815750f4211fbf"
        },
        {
          "type": "cssRules",
          "assetId": "t96iChT22ax_",
          "checksum": "31e11c5aa576fb7591815750f4211fbf"
        },
        {
          "type": "renderModule",
          "assetId": "yggtVJS1J1Ff",
          "checksum": "3a2122642acf97b97177a7d6440c5493"
        },
        {
          "type": "cssRules",
          "assetId": "yggtVJS1J1Ff",
          "checksum": "3a2122642acf97b97177a7d6440c5493"
        },
        {
          "type": "renderModule",
          "assetId": "27C2wBxjPhmw",
          "checksum": "a523df57add54851987b3b9834655d07"
        },
        {
          "type": "cssRules",
          "assetId": "27C2wBxjPhmw",
          "checksum": "a523df57add54851987b3b9834655d07"
        },
        {
          "type": "renderModule",
          "assetId": "2vtbzB0tVFMs",
          "checksum": "7dab8f0734d693fbdc42d29fb4147fcc"
        },
        {
          "type": "cssRules",
          "assetId": "2vtbzB0tVFMs",
          "checksum": "7dab8f0734d693fbdc42d29fb4147fcc"
        },
        {
          "type": "icon",
          "assetId": "44wUVMPua25a",
          "checksum": "9b3985cbaacf9d6bf4bed91ec19c491d"
        },
        {
          "type": "icon",
          "assetId": "Hogi5JgDXKNY",
          "checksum": "202a4301c5d4f2708f6c22bd819164c8"
        },
        {
          "type": "icon",
          "assetId": "thwo51VmiAJO",
          "checksum": "4780f0a5f0d1779d5903e6c1af756bc8"
        },
        {
          "type": "icon",
          "assetId": "PrSRye6pckKO",
          "checksum": "d2a86aaedc57f1480a124cef0ee5fd5f"
        },
        {
          "type": "icon",
          "assetId": "apyohXAJ44ES",
          "checksum": "916c5413d8c27b4ea162017b775d5de0"
        },
        {
          "type": "icon",
          "assetId": "y9xDYgiO9EfY",
          "checksum": "2c112fda70877fa127402fb163e87f57"
        },
        {
          "type": "icon",
          "assetId": "jLMzU1Vrbwnc",
          "checksum": "25218f8e81afed937faf01ff98c67cdf"
        },
        {
          "type": "icon",
          "assetId": "r34WdRvBJ2B1",
          "checksum": "567b5fcab313b035edcdd9b8b1c39af5"
        },
        {
          "type": "icon",
          "assetId": "0tuj46SHnp-D",
          "checksum": "1c0e385271c06bedd6e69affa777108f"
        },
        {
          "type": "icon",
          "assetId": "RFIP49TPTasa",
          "checksum": "7f93f824ac3988dada5da65019f552ff"
        },
        {
          "type": "icon",
          "assetId": "YvWdkBFCv48r",
          "checksum": "ff6a30b713c476e58261bab938d1c376"
        },
        {
          "type": "icon",
          "assetId": "RPWCCLDq-60v",
          "checksum": "92e19d6b039f2e590662c790d19aaac2"
        },
        {
          "type": "image",
          "assetId": "21cgRaRESwYC",
          "checksum": "ea3d19b8a76e14e69c805d204c347874"
        },
        {
          "type": "image",
          "assetId": "_Jw1z5wFYnzP",
          "checksum": "12879b38346dab07d3053ceb74610d25"
        },
        {
          "type": "image",
          "assetId": "TfiNU4HUiFQl",
          "checksum": "e7c0fefacf684c868029026432ccf6c2"
        },
        {
          "type": "image",
          "assetId": "lz_qQ-eni6OX",
          "checksum": "b15937c778e531bbd97ccbc0bb7f6adf"
        },
        {
          "type": "image",
          "assetId": "9WLk1os26yPG",
          "checksum": "4075599cd2a85e7f75c7e8a0c61996db"
        },
        {
          "type": "image",
          "assetId": "40R5-hQNTfyu",
          "checksum": "ff1b7586211480eeffdd61a764ec7bcf"
        },
        {
          "type": "image",
          "assetId": "gK9tKpSjiMmV",
          "checksum": "9ef8a9ac5ac507177c69403bd7da87f9"
        },
        {
          "type": "image",
          "assetId": "VnJOld_lsVmP",
          "checksum": "0449b36a1b41c882a5af3c89d1f57aba"
        },
        {
          "type": "image",
          "assetId": "JdtgIEhW0Kxk",
          "checksum": "9097e6e778de224271e9666f51d1e3b3"
        },
        {
          "type": "image",
          "assetId": "PNDktkl4aLJl",
          "checksum": "42a643a1eab30a912a1f66c606210c4e"
        },
        {
          "type": "image",
          "assetId": "3larGNI_vbkt",
          "checksum": "4bd6b3713ca5fd1863d6a83501271f5d"
        },
        {
          "type": "image",
          "assetId": "ihKcdc3HpTVo",
          "checksum": "dfbbb3e00539a81167956421ee8f8d87"
        },
        {
          "type": "image",
          "assetId": "r0kteU1VBuJU",
          "checksum": "6c6734cfbb57dfb7d1c47f9586375ce1"
        },
        {
          "type": "image",
          "assetId": "elvCT4kfFQga",
          "checksum": "3501f3b46ffdc9c4d45416b1b8f1ab02"
        },
        {
          "type": "image",
          "assetId": "VQkke07uX1g2",
          "checksum": "79110cda04b2c5c103bbebb46e607b09"
        },
        {
          "type": "image",
          "assetId": "syq48LD5coVm",
          "checksum": "aaabd121eb20b1b4fa65e1da7d58aeca"
        },
        {
          "type": "image",
          "assetId": "2wS4u681mSI-",
          "checksum": "6b6989afd27eeee93f7c5a4affbcad82"
        },
        {
          "type": "image",
          "assetId": "_KvIwqhCq2qm",
          "checksum": "53e30b417318e8d692299daf252eba8b"
        },
        {
          "type": "image",
          "assetId": "mntDUSVpT46Z",
          "checksum": "766ba3609e3ddd3f3f94267d41e2f638"
        },
        {
          "type": "image",
          "assetId": "9Rq-W1GhkFfp",
          "checksum": "18c7a7af3da9ee44f56d4687905018d0"
        },
        {
          "type": "image",
          "assetId": "9TpHi7n0Vte9",
          "checksum": "2105dde12fe8477cd0f3ba59abfc1d31"
        },
        {
          "type": "image",
          "assetId": "oeYCDuJP5Q8T",
          "checksum": "dd60eb8d4868e5ef045ba4ad1beb0164"
        },
        {
          "type": "image",
          "assetId": "U3bpu8Agloml",
          "checksum": "732149b45775a6f97847d2292b24658c"
        },
        {
          "type": "image",
          "assetId": "9qx-UBVCDXBv",
          "checksum": "bb2fb042eaeb7c098dff469fdd7d0fc4"
        },
        {
          "type": "renderModule",
          "assetId": "cu9bSkvfJWdw",
          "checksum": "79e34a5c92b93eb89a0fe4c378aa696f"
        },
        {
          "type": "cssRules",
          "assetId": "cu9bSkvfJWdw",
          "checksum": "79e34a5c92b93eb89a0fe4c378aa696f"
        },
        {
          "type": "renderModule",
          "assetId": "QOsFSWOUIdhq",
          "checksum": "a9f53c713352666eee87ff7267b57368"
        },
        {
          "type": "cssRules",
          "assetId": "QOsFSWOUIdhq",
          "checksum": "a9f53c713352666eee87ff7267b57368"
        },
        {
          "type": "renderModule",
          "assetId": "44JppnCAf-bN",
          "checksum": "22ccbbbf20f018917b1f7ea2317efd5e"
        },
        {
          "type": "cssRules",
          "assetId": "44JppnCAf-bN",
          "checksum": "22ccbbbf20f018917b1f7ea2317efd5e"
        },
        {
          "type": "renderModule",
          "assetId": "ASEdLW6d9C-6",
          "checksum": "9082a6ed8cf040c582edaaa752cb85ae"
        },
        {
          "type": "cssRules",
          "assetId": "ASEdLW6d9C-6",
          "checksum": "9082a6ed8cf040c582edaaa752cb85ae"
        },
        {
          "type": "renderModule",
          "assetId": "A1LqozDiAk3W",
          "checksum": "b428e056c6f20074f7114486e6b10e8f"
        },
        {
          "type": "cssRules",
          "assetId": "A1LqozDiAk3W",
          "checksum": "b428e056c6f20074f7114486e6b10e8f"
        },
        {
          "type": "renderModule",
          "assetId": "jVOoF1I3g5G3",
          "checksum": "38a4fb65576f2857ae2bda562e750677"
        },
        {
          "type": "cssRules",
          "assetId": "jVOoF1I3g5G3",
          "checksum": "38a4fb65576f2857ae2bda562e750677"
        },
        {
          "type": "renderModule",
          "assetId": "Y70Dlx0E-tGd",
          "checksum": "c9fea363cf773eae16c25b816c5bb111"
        },
        {
          "type": "cssRules",
          "assetId": "Y70Dlx0E-tGd",
          "checksum": "c9fea363cf773eae16c25b816c5bb111"
        },
        {
          "type": "renderModule",
          "assetId": "n0rRlLO8UOyT",
          "checksum": "45a18390462a95db4dde4938c3122493"
        },
        {
          "type": "cssRules",
          "assetId": "n0rRlLO8UOyT",
          "checksum": "45a18390462a95db4dde4938c3122493"
        },
        {
          "type": "icon",
          "assetId": "rTP78NEKwayd",
          "checksum": "494d3eb37ddeabeb017c7688c1d3f66c"
        },
        {
          "type": "icon",
          "assetId": "XEZi6PUVmw5z",
          "checksum": "f237884ad2674913edfe044b477ed092"
        },
        {
          "type": "image",
          "assetId": "Vzu70SZBCbY6",
          "checksum": "6d58434b83672bda2102fc433bc7d830"
        },
        {
          "type": "image",
          "assetId": "PTp9P63WDFmx",
          "checksum": "69886116d3a6beb573c25da247d6a080"
        },
        {
          "type": "image",
          "assetId": "dGxpw-bZ9D3T",
          "checksum": "7e1e8b32803e622de2fc7e20c48406ac"
        },
        {
          "type": "image",
          "assetId": "zFkd5sBxe5YG",
          "checksum": "33ec317c2894bc2b69d0fc03ca75a026"
        },
        {
          "type": "image",
          "assetId": "9JOY5dhkUsr5",
          "checksum": "9789203bf28ab9de6787134bcd99f080"
        },
        {
          "type": "image",
          "assetId": "OqeMK9XR5N61",
          "checksum": "9545c1fcf02408e20749d57d47f8dd55"
        },
        {
          "type": "image",
          "assetId": "HhE6jMXsSnIA",
          "checksum": "d08d71a2e6c873e585c00af912998d22"
        },
        {
          "type": "image",
          "assetId": "ubWRGlrOVxr6",
          "checksum": "6861d015929269cf22807f44c2febd77"
        },
        {
          "type": "image",
          "assetId": "ROZBpIeU6BBU",
          "checksum": "097a519cf1d30b5d6374b4f63a637829"
        },
        {
          "assetId": "wdjrQSNRX7ys49KwqunuZ4",
          "type": "projectCss",
          "checksum": "42f24737e948d4eff618630e6d27cc48"
        },
        {
          "type": "renderModule",
          "assetId": "b5ylLk5hNhI1",
          "checksum": "9573e3c2ce7787398a48fb762808113b"
        },
        {
          "type": "cssRules",
          "assetId": "b5ylLk5hNhI1",
          "checksum": "9573e3c2ce7787398a48fb762808113b"
        },
        {
          "type": "renderModule",
          "assetId": "nzbdD_rGXpli",
          "checksum": "f158282f9081dbec5c0651eb63061d6c"
        },
        {
          "type": "cssRules",
          "assetId": "nzbdD_rGXpli",
          "checksum": "f158282f9081dbec5c0651eb63061d6c"
        },
        {
          "type": "renderModule",
          "assetId": "oCYMury2mJE3",
          "checksum": "66f9e049eabc40b93cd7ba72c5e3a854"
        },
        {
          "type": "cssRules",
          "assetId": "oCYMury2mJE3",
          "checksum": "66f9e049eabc40b93cd7ba72c5e3a854"
        },
        {
          "type": "renderModule",
          "assetId": "AIz-y0QfIj6_",
          "checksum": "8ffe0d766862f01a4cae9692e28e5913"
        },
        {
          "type": "cssRules",
          "assetId": "AIz-y0QfIj6_",
          "checksum": "8ffe0d766862f01a4cae9692e28e5913"
        },
        {
          "type": "image",
          "assetId": "cciPML46zJVW",
          "checksum": "631026279c2075ebf0b11ac844b33741"
        },
        {
          "type": "image",
          "assetId": "7BryvQNb02ae",
          "checksum": "08acf5938ec94e40660c4f8b0d4124d5"
        },
        {
          "type": "image",
          "assetId": "9MUo90aYCJzY",
          "checksum": "2249d82604127c6140cf1d1e6b0ef48e"
        },
        {
          "type": "image",
          "assetId": "sOIe_7x7DTrO",
          "checksum": "073901a295795bcbacd80addf187a937"
        },
        {
          "type": "image",
          "assetId": "nScup2-naaYw",
          "checksum": "ac6d2b8632cc4c79010fedb80209d8cd"
        },
        {
          "type": "image",
          "assetId": "PluIBhVoGxUs",
          "checksum": "389928685c6038b57bf91f22f6bb0287"
        },
        {
          "type": "image",
          "assetId": "H8SgmTQ28xsh",
          "checksum": "ebc8c8805dc167b6d8f870a1eecb7fe1"
        },
        {
          "type": "image",
          "assetId": "G3AwXF2sidfa",
          "checksum": "c5d5ba6485943007046156138afd78a9"
        },
        {
          "type": "image",
          "assetId": "Li3J6s8FJkW1",
          "checksum": "a4e075f16cfe9a9d799bee4f0a2d3527"
        },
        {
          "type": "image",
          "assetId": "54fHUtfieGDG",
          "checksum": "2136430acda1c42778883acf93e16571"
        },
        {
          "type": "image",
          "assetId": "Wva5UbSh-oSs",
          "checksum": "f4f823b914980d5ce0ee044241fee0bb"
        },
        {
          "type": "image",
          "assetId": "bvFFDMOPKL-0",
          "checksum": "2efc47f43d342ae4dbd9cfd3b479a7d0"
        },
        {
          "type": "image",
          "assetId": "LMlG0iO7rbQF",
          "checksum": "362767f5f77522fda743fad6ecb2d484"
        },
        {
          "type": "image",
          "assetId": "2Q7x-idRulhV",
          "checksum": "ce6c893c080ee2822c7626d094e171fc"
        },
        {
          "type": "image",
          "assetId": "8owLRSez-QC8",
          "checksum": "9e60c99f97e59d58557ec8ad717327af"
        },
        {
          "type": "image",
          "assetId": "7qU-KcA2mn06",
          "checksum": "31847307c1fd3eea7fea2da9094c474c"
        },
        {
          "type": "image",
          "assetId": "bbKJb1V9ItRA",
          "checksum": "c2322b69c9c1f190a114dc2b611b8abd"
        }
      ],
      "codegenVersion": "0.0.1"
    }
  ],
  "cliVersion": "0.1.308"
}
