{
  "projects": [
    {
      "projectId": "7nJ7UcFmq9UzB6eXfC5z4a",
      "version": "0.20.0",
      "dependencies": {},
      "lang": "js",
      "fileLocks": [
        {
          "assetId": "7nJ7UcFmq9UzB6eXfC5z4a",
          "type": "projectCss",
          "checksum": "05587b57f22f0ec8bb54543deb39762e"
        }
      ],
      "codegenVersion": "0.0.1"
    },
    {
      "projectId": "wdjrQSNRX7ys49KwqunuZ4",
      "version": "latest",
      "dependencies": {
        "7nJ7UcFmq9UzB6eXfC5z4a": "0.20.0",
        "ohDidvG9XsCeFumugENU3J": "6.2.0"
      },
      "lang": "js",
      "fileLocks": [
        {
          "type": "globalVariant",
          "assetId": "HbagvQWqcZ69",
          "checksum": "a77636f83ea1e30e3029f983f6326e4d"
        },
        {
          "type": "renderModule",
          "assetId": "oid2b1BUmtDM",
          "checksum": "9caadd6c08ae2a8884e14fcd901803d5"
        },
        {
          "type": "cssRules",
          "assetId": "oid2b1BUmtDM",
          "checksum": "9caadd6c08ae2a8884e14fcd901803d5"
        },
        {
          "type": "renderModule",
          "assetId": "7oMbG7rPxeuI",
          "checksum": "180332f5523e654f3f15457fef874dbc"
        },
        {
          "type": "cssRules",
          "assetId": "7oMbG7rPxeuI",
          "checksum": "180332f5523e654f3f15457fef874dbc"
        },
        {
          "type": "renderModule",
          "assetId": "Oysh0VX3iPjP",
          "checksum": "a148e4b7cc157a816ee441265c5470d2"
        },
        {
          "type": "cssRules",
          "assetId": "Oysh0VX3iPjP",
          "checksum": "a148e4b7cc157a816ee441265c5470d2"
        },
        {
          "type": "renderModule",
          "assetId": "wrxpu3kWPdwE",
          "checksum": "b9971e5cb5489520d157a5d3fcbacfe9"
        },
        {
          "type": "cssRules",
          "assetId": "wrxpu3kWPdwE",
          "checksum": "b9971e5cb5489520d157a5d3fcbacfe9"
        },
        {
          "type": "renderModule",
          "assetId": "Tdr0_KJBIQvv",
          "checksum": "fa5e3f86043486bd262178b052e96aac"
        },
        {
          "type": "cssRules",
          "assetId": "Tdr0_KJBIQvv",
          "checksum": "fa5e3f86043486bd262178b052e96aac"
        },
        {
          "type": "renderModule",
          "assetId": "t96iChT22ax_",
          "checksum": "377d8b511f8d789203ec54700eef4977"
        },
        {
          "type": "cssRules",
          "assetId": "t96iChT22ax_",
          "checksum": "377d8b511f8d789203ec54700eef4977"
        },
        {
          "type": "renderModule",
          "assetId": "yggtVJS1J1Ff",
          "checksum": "0f53c4e134ab904393b2668fa7eb39ae"
        },
        {
          "type": "cssRules",
          "assetId": "yggtVJS1J1Ff",
          "checksum": "0f53c4e134ab904393b2668fa7eb39ae"
        },
        {
          "type": "renderModule",
          "assetId": "27C2wBxjPhmw",
          "checksum": "8df28f50687adf0265d7d06aecea61d6"
        },
        {
          "type": "cssRules",
          "assetId": "27C2wBxjPhmw",
          "checksum": "8df28f50687adf0265d7d06aecea61d6"
        },
        {
          "type": "renderModule",
          "assetId": "2vtbzB0tVFMs",
          "checksum": "4521d5ed1902376ba544029ab55623d3"
        },
        {
          "type": "cssRules",
          "assetId": "2vtbzB0tVFMs",
          "checksum": "4521d5ed1902376ba544029ab55623d3"
        },
        {
          "type": "icon",
          "assetId": "44wUVMPua25a",
          "checksum": "9b3985cbaacf9d6bf4bed91ec19c491d"
        },
        {
          "type": "icon",
          "assetId": "Hogi5JgDXKNY",
          "checksum": "202a4301c5d4f2708f6c22bd819164c8"
        },
        {
          "type": "icon",
          "assetId": "thwo51VmiAJO",
          "checksum": "4780f0a5f0d1779d5903e6c1af756bc8"
        },
        {
          "type": "icon",
          "assetId": "PrSRye6pckKO",
          "checksum": "d2a86aaedc57f1480a124cef0ee5fd5f"
        },
        {
          "type": "icon",
          "assetId": "apyohXAJ44ES",
          "checksum": "916c5413d8c27b4ea162017b775d5de0"
        },
        {
          "type": "icon",
          "assetId": "y9xDYgiO9EfY",
          "checksum": "2c112fda70877fa127402fb163e87f57"
        },
        {
          "type": "icon",
          "assetId": "jLMzU1Vrbwnc",
          "checksum": "25218f8e81afed937faf01ff98c67cdf"
        },
        {
          "type": "icon",
          "assetId": "r34WdRvBJ2B1",
          "checksum": "567b5fcab313b035edcdd9b8b1c39af5"
        },
        {
          "type": "icon",
          "assetId": "0tuj46SHnp-D",
          "checksum": "1c0e385271c06bedd6e69affa777108f"
        },
        {
          "type": "icon",
          "assetId": "RFIP49TPTasa",
          "checksum": "7f93f824ac3988dada5da65019f552ff"
        },
        {
          "type": "icon",
          "assetId": "YvWdkBFCv48r",
          "checksum": "ff6a30b713c476e58261bab938d1c376"
        },
        {
          "type": "icon",
          "assetId": "RPWCCLDq-60v",
          "checksum": "92e19d6b039f2e590662c790d19aaac2"
        },
        {
          "type": "image",
          "assetId": "21cgRaRESwYC",
          "checksum": "ea3d19b8a76e14e69c805d204c347874"
        },
        {
          "type": "image",
          "assetId": "_Jw1z5wFYnzP",
          "checksum": "12879b38346dab07d3053ceb74610d25"
        },
        {
          "type": "image",
          "assetId": "TfiNU4HUiFQl",
          "checksum": "e7c0fefacf684c868029026432ccf6c2"
        },
        {
          "type": "image",
          "assetId": "lz_qQ-eni6OX",
          "checksum": "b15937c778e531bbd97ccbc0bb7f6adf"
        },
        {
          "type": "image",
          "assetId": "9WLk1os26yPG",
          "checksum": "4075599cd2a85e7f75c7e8a0c61996db"
        },
        {
          "type": "image",
          "assetId": "40R5-hQNTfyu",
          "checksum": "ff1b7586211480eeffdd61a764ec7bcf"
        },
        {
          "type": "image",
          "assetId": "gK9tKpSjiMmV",
          "checksum": "9ef8a9ac5ac507177c69403bd7da87f9"
        },
        {
          "type": "image",
          "assetId": "VnJOld_lsVmP",
          "checksum": "0449b36a1b41c882a5af3c89d1f57aba"
        },
        {
          "type": "image",
          "assetId": "JdtgIEhW0Kxk",
          "checksum": "9097e6e778de224271e9666f51d1e3b3"
        },
        {
          "type": "image",
          "assetId": "PNDktkl4aLJl",
          "checksum": "42a643a1eab30a912a1f66c606210c4e"
        },
        {
          "type": "image",
          "assetId": "3larGNI_vbkt",
          "checksum": "4bd6b3713ca5fd1863d6a83501271f5d"
        },
        {
          "type": "image",
          "assetId": "ihKcdc3HpTVo",
          "checksum": "dfbbb3e00539a81167956421ee8f8d87"
        },
        {
          "type": "image",
          "assetId": "r0kteU1VBuJU",
          "checksum": "6c6734cfbb57dfb7d1c47f9586375ce1"
        },
        {
          "type": "image",
          "assetId": "elvCT4kfFQga",
          "checksum": "3501f3b46ffdc9c4d45416b1b8f1ab02"
        },
        {
          "type": "image",
          "assetId": "VQkke07uX1g2",
          "checksum": "79110cda04b2c5c103bbebb46e607b09"
        },
        {
          "type": "image",
          "assetId": "syq48LD5coVm",
          "checksum": "aaabd121eb20b1b4fa65e1da7d58aeca"
        },
        {
          "type": "image",
          "assetId": "2wS4u681mSI-",
          "checksum": "6b6989afd27eeee93f7c5a4affbcad82"
        },
        {
          "type": "image",
          "assetId": "_KvIwqhCq2qm",
          "checksum": "53e30b417318e8d692299daf252eba8b"
        },
        {
          "type": "image",
          "assetId": "mntDUSVpT46Z",
          "checksum": "766ba3609e3ddd3f3f94267d41e2f638"
        },
        {
          "type": "image",
          "assetId": "9Rq-W1GhkFfp",
          "checksum": "18c7a7af3da9ee44f56d4687905018d0"
        },
        {
          "type": "image",
          "assetId": "9TpHi7n0Vte9",
          "checksum": "2105dde12fe8477cd0f3ba59abfc1d31"
        },
        {
          "type": "image",
          "assetId": "oeYCDuJP5Q8T",
          "checksum": "dd60eb8d4868e5ef045ba4ad1beb0164"
        },
        {
          "type": "image",
          "assetId": "U3bpu8Agloml",
          "checksum": "732149b45775a6f97847d2292b24658c"
        },
        {
          "type": "image",
          "assetId": "9qx-UBVCDXBv",
          "checksum": "bb2fb042eaeb7c098dff469fdd7d0fc4"
        },
        {
          "type": "renderModule",
          "assetId": "cu9bSkvfJWdw",
          "checksum": "c8e894eadb58eae1f445d5ce53cfa41b"
        },
        {
          "type": "cssRules",
          "assetId": "cu9bSkvfJWdw",
          "checksum": "c8e894eadb58eae1f445d5ce53cfa41b"
        },
        {
          "type": "renderModule",
          "assetId": "QOsFSWOUIdhq",
          "checksum": "edff6f5e5b131e673880ee3bdb5b5047"
        },
        {
          "type": "cssRules",
          "assetId": "QOsFSWOUIdhq",
          "checksum": "edff6f5e5b131e673880ee3bdb5b5047"
        },
        {
          "type": "renderModule",
          "assetId": "44JppnCAf-bN",
          "checksum": "79509f3070ba68592a11ae08dcfa3f4e"
        },
        {
          "type": "cssRules",
          "assetId": "44JppnCAf-bN",
          "checksum": "79509f3070ba68592a11ae08dcfa3f4e"
        },
        {
          "type": "renderModule",
          "assetId": "ASEdLW6d9C-6",
          "checksum": "54957d8464e7951298a65e2cb7a7d6ae"
        },
        {
          "type": "cssRules",
          "assetId": "ASEdLW6d9C-6",
          "checksum": "54957d8464e7951298a65e2cb7a7d6ae"
        },
        {
          "type": "renderModule",
          "assetId": "A1LqozDiAk3W",
          "checksum": "9e664bc3b5666d4293898a933f23815c"
        },
        {
          "type": "cssRules",
          "assetId": "A1LqozDiAk3W",
          "checksum": "9e664bc3b5666d4293898a933f23815c"
        },
        {
          "type": "renderModule",
          "assetId": "jVOoF1I3g5G3",
          "checksum": "04f93d59b761b00f0aefe7a1bb248d1d"
        },
        {
          "type": "cssRules",
          "assetId": "jVOoF1I3g5G3",
          "checksum": "04f93d59b761b00f0aefe7a1bb248d1d"
        },
        {
          "type": "renderModule",
          "assetId": "Y70Dlx0E-tGd",
          "checksum": "f132cbe8b7e110ea85cc778efa350d94"
        },
        {
          "type": "cssRules",
          "assetId": "Y70Dlx0E-tGd",
          "checksum": "f132cbe8b7e110ea85cc778efa350d94"
        },
        {
          "type": "renderModule",
          "assetId": "n0rRlLO8UOyT",
          "checksum": "9128fb449b9bf649d910b6d6245dd04c"
        },
        {
          "type": "cssRules",
          "assetId": "n0rRlLO8UOyT",
          "checksum": "9128fb449b9bf649d910b6d6245dd04c"
        },
        {
          "type": "icon",
          "assetId": "rTP78NEKwayd",
          "checksum": "494d3eb37ddeabeb017c7688c1d3f66c"
        },
        {
          "type": "icon",
          "assetId": "XEZi6PUVmw5z",
          "checksum": "f237884ad2674913edfe044b477ed092"
        },
        {
          "type": "image",
          "assetId": "Vzu70SZBCbY6",
          "checksum": "6d58434b83672bda2102fc433bc7d830"
        },
        {
          "type": "image",
          "assetId": "PTp9P63WDFmx",
          "checksum": "69886116d3a6beb573c25da247d6a080"
        },
        {
          "type": "image",
          "assetId": "dGxpw-bZ9D3T",
          "checksum": "7e1e8b32803e622de2fc7e20c48406ac"
        },
        {
          "type": "image",
          "assetId": "zFkd5sBxe5YG",
          "checksum": "33ec317c2894bc2b69d0fc03ca75a026"
        },
        {
          "type": "image",
          "assetId": "9JOY5dhkUsr5",
          "checksum": "9789203bf28ab9de6787134bcd99f080"
        },
        {
          "type": "image",
          "assetId": "OqeMK9XR5N61",
          "checksum": "9545c1fcf02408e20749d57d47f8dd55"
        },
        {
          "type": "image",
          "assetId": "HhE6jMXsSnIA",
          "checksum": "d08d71a2e6c873e585c00af912998d22"
        },
        {
          "type": "image",
          "assetId": "ubWRGlrOVxr6",
          "checksum": "6861d015929269cf22807f44c2febd77"
        },
        {
          "type": "image",
          "assetId": "ROZBpIeU6BBU",
          "checksum": "097a519cf1d30b5d6374b4f63a637829"
        },
        {
          "type": "renderModule",
          "assetId": "b5ylLk5hNhI1",
          "checksum": "edfb1989aabc172918dc1ff4ecc50d7c"
        },
        {
          "type": "cssRules",
          "assetId": "b5ylLk5hNhI1",
          "checksum": "edfb1989aabc172918dc1ff4ecc50d7c"
        },
        {
          "type": "renderModule",
          "assetId": "nzbdD_rGXpli",
          "checksum": "e1df662d770b10f5a8a277fba5a8ef76"
        },
        {
          "type": "cssRules",
          "assetId": "nzbdD_rGXpli",
          "checksum": "e1df662d770b10f5a8a277fba5a8ef76"
        },
        {
          "type": "renderModule",
          "assetId": "oCYMury2mJE3",
          "checksum": "cf09221bd99277464f67458135939571"
        },
        {
          "type": "cssRules",
          "assetId": "oCYMury2mJE3",
          "checksum": "cf09221bd99277464f67458135939571"
        },
        {
          "type": "renderModule",
          "assetId": "AIz-y0QfIj6_",
          "checksum": "7511ac32860d3e232a74acb1d83e0748"
        },
        {
          "type": "cssRules",
          "assetId": "AIz-y0QfIj6_",
          "checksum": "7511ac32860d3e232a74acb1d83e0748"
        },
        {
          "type": "image",
          "assetId": "cciPML46zJVW",
          "checksum": "631026279c2075ebf0b11ac844b33741"
        },
        {
          "type": "image",
          "assetId": "7BryvQNb02ae",
          "checksum": "08acf5938ec94e40660c4f8b0d4124d5"
        },
        {
          "type": "image",
          "assetId": "9MUo90aYCJzY",
          "checksum": "2249d82604127c6140cf1d1e6b0ef48e"
        },
        {
          "type": "image",
          "assetId": "sOIe_7x7DTrO",
          "checksum": "073901a295795bcbacd80addf187a937"
        },
        {
          "type": "image",
          "assetId": "nScup2-naaYw",
          "checksum": "ac6d2b8632cc4c79010fedb80209d8cd"
        },
        {
          "type": "image",
          "assetId": "PluIBhVoGxUs",
          "checksum": "389928685c6038b57bf91f22f6bb0287"
        },
        {
          "type": "image",
          "assetId": "H8SgmTQ28xsh",
          "checksum": "ebc8c8805dc167b6d8f870a1eecb7fe1"
        },
        {
          "type": "image",
          "assetId": "G3AwXF2sidfa",
          "checksum": "c5d5ba6485943007046156138afd78a9"
        },
        {
          "type": "image",
          "assetId": "Li3J6s8FJkW1",
          "checksum": "a4e075f16cfe9a9d799bee4f0a2d3527"
        },
        {
          "type": "image",
          "assetId": "54fHUtfieGDG",
          "checksum": "2136430acda1c42778883acf93e16571"
        },
        {
          "type": "image",
          "assetId": "Wva5UbSh-oSs",
          "checksum": "f4f823b914980d5ce0ee044241fee0bb"
        },
        {
          "type": "image",
          "assetId": "bvFFDMOPKL-0",
          "checksum": "2efc47f43d342ae4dbd9cfd3b479a7d0"
        },
        {
          "type": "image",
          "assetId": "LMlG0iO7rbQF",
          "checksum": "362767f5f77522fda743fad6ecb2d484"
        },
        {
          "type": "image",
          "assetId": "2Q7x-idRulhV",
          "checksum": "ce6c893c080ee2822c7626d094e171fc"
        },
        {
          "type": "image",
          "assetId": "8owLRSez-QC8",
          "checksum": "9e60c99f97e59d58557ec8ad717327af"
        },
        {
          "type": "image",
          "assetId": "7qU-KcA2mn06",
          "checksum": "31847307c1fd3eea7fea2da9094c474c"
        },
        {
          "type": "image",
          "assetId": "bbKJb1V9ItRA",
          "checksum": "c2322b69c9c1f190a114dc2b611b8abd"
        },
        {
          "assetId": "wdjrQSNRX7ys49KwqunuZ4",
          "checksum": "ec1a0b82ad03a1ed57e716621a71fb9c",
          "type": "globalContexts"
        },
        {
          "type": "renderModule",
          "assetId": "kUEjkiOrGPqM",
          "checksum": "4e4b7b078b8af4c6a8fa0ded01b6b068"
        },
        {
          "type": "cssRules",
          "assetId": "kUEjkiOrGPqM",
          "checksum": "4e4b7b078b8af4c6a8fa0ded01b6b068"
        },
        {
          "type": "renderModule",
          "assetId": "JY2F4uvRDwJE",
          "checksum": "ec57cb24f0bac0398656dc907d83afbd"
        },
        {
          "type": "cssRules",
          "assetId": "JY2F4uvRDwJE",
          "checksum": "ec57cb24f0bac0398656dc907d83afbd"
        },
        {
          "type": "renderModule",
          "assetId": "J3xbpnsFIP_W",
          "checksum": "203388d2f34456dc546a536c7f749326"
        },
        {
          "type": "cssRules",
          "assetId": "J3xbpnsFIP_W",
          "checksum": "203388d2f34456dc546a536c7f749326"
        },
        {
          "type": "renderModule",
          "assetId": "YU8sNnMZDI2b",
          "checksum": "3b28a1bc5fe32932d5f90c6d9091b40a"
        },
        {
          "type": "cssRules",
          "assetId": "YU8sNnMZDI2b",
          "checksum": "3b28a1bc5fe32932d5f90c6d9091b40a"
        },
        {
          "type": "image",
          "assetId": "sXlQnheSByM8",
          "checksum": "1693d3c820cc623433be5e585ded4e90"
        },
        {
          "type": "image",
          "assetId": "_Pxs_QwoQmgB",
          "checksum": "125a814869ec440429b43d5c2295d893"
        },
        {
          "type": "image",
          "assetId": "UyK1ZOhflNBC",
          "checksum": "2772ab5bdf9eef135c66f410f12a40f3"
        },
        {
          "type": "image",
          "assetId": "Ws3a3pQtqY_V",
          "checksum": "c6e728cc7818c1838a0938658599056e"
        },
        {
          "assetId": "wdjrQSNRX7ys49KwqunuZ4",
          "type": "projectCss",
          "checksum": "42f24737e948d4eff618630e6d27cc48"
        },
        {
          "type": "renderModule",
          "assetId": "MNCcrrk_j-sr",
          "checksum": "030fd328bcdf660635067a0a0357a284"
        },
        {
          "type": "cssRules",
          "assetId": "MNCcrrk_j-sr",
          "checksum": "030fd328bcdf660635067a0a0357a284"
        },
        {
          "type": "renderModule",
          "assetId": "CgXHQPjcsQdv",
          "checksum": "365ab45c568f8a2f6eb32d509c6bb88e"
        },
        {
          "type": "cssRules",
          "assetId": "CgXHQPjcsQdv",
          "checksum": "365ab45c568f8a2f6eb32d509c6bb88e"
        },
        {
          "type": "renderModule",
          "assetId": "8LrKuHVHB7Am",
          "checksum": "7fe076a87a936bc474de616648701dc8"
        },
        {
          "type": "cssRules",
          "assetId": "8LrKuHVHB7Am",
          "checksum": "7fe076a87a936bc474de616648701dc8"
        },
        {
          "type": "renderModule",
          "assetId": "hCxdi1HGERuQ",
          "checksum": "222eb0cc237c3ff9f375cfb6e03e7a83"
        },
        {
          "type": "cssRules",
          "assetId": "hCxdi1HGERuQ",
          "checksum": "222eb0cc237c3ff9f375cfb6e03e7a83"
        },
        {
          "type": "renderModule",
          "assetId": "zx7pWZEV_fAX",
          "checksum": "6e83fe8677ebdf27f1be847e25cb154e"
        },
        {
          "type": "cssRules",
          "assetId": "zx7pWZEV_fAX",
          "checksum": "6e83fe8677ebdf27f1be847e25cb154e"
        },
        {
          "type": "renderModule",
          "assetId": "0nI1LDWjVWhE",
          "checksum": "c26aa471f7daa376882ea144d180a4fd"
        },
        {
          "type": "cssRules",
          "assetId": "0nI1LDWjVWhE",
          "checksum": "c26aa471f7daa376882ea144d180a4fd"
        },
        {
          "type": "renderModule",
          "assetId": "CaHvavn3VvS3",
          "checksum": "aa3f2b33663e2813c0ce901830a8be65"
        },
        {
          "type": "cssRules",
          "assetId": "CaHvavn3VvS3",
          "checksum": "aa3f2b33663e2813c0ce901830a8be65"
        },
        {
          "type": "renderModule",
          "assetId": "ZdOawYLPlQDQ",
          "checksum": "e1840607ea05b6a4a53673f09c16abb4"
        },
        {
          "type": "cssRules",
          "assetId": "ZdOawYLPlQDQ",
          "checksum": "e1840607ea05b6a4a53673f09c16abb4"
        },
        {
          "type": "renderModule",
          "assetId": "663kqNhK3bea",
          "checksum": "185637961d32bcfb969b80408bae1076"
        },
        {
          "type": "cssRules",
          "assetId": "663kqNhK3bea",
          "checksum": "185637961d32bcfb969b80408bae1076"
        },
        {
          "type": "renderModule",
          "assetId": "UYrkT9_29Lqc",
          "checksum": "1304dbaf1301bdc8acfd142aab3b1706"
        },
        {
          "type": "cssRules",
          "assetId": "UYrkT9_29Lqc",
          "checksum": "1304dbaf1301bdc8acfd142aab3b1706"
        },
        {
          "type": "renderModule",
          "assetId": "8iu20v4mDI3r",
          "checksum": "789f8cb32d493259c1887cb913ceec16"
        },
        {
          "type": "cssRules",
          "assetId": "8iu20v4mDI3r",
          "checksum": "789f8cb32d493259c1887cb913ceec16"
        },
        {
          "type": "renderModule",
          "assetId": "qQCE211j69v4",
          "checksum": "330235ebd03c8c9d496d247c24a77d42"
        },
        {
          "type": "cssRules",
          "assetId": "qQCE211j69v4",
          "checksum": "330235ebd03c8c9d496d247c24a77d42"
        },
        {
          "type": "image",
          "assetId": "PDw8GFzKh0yB",
          "checksum": "7dcea178cc566483da493189d26fa79f"
        },
        {
          "type": "image",
          "assetId": "cTtdk__QsDXs",
          "checksum": "035daa0fcc19ebb552fdbf31ed3c3ed2"
        },
        {
          "type": "image",
          "assetId": "vBslPreF2lvb",
          "checksum": "1bd026d6cfde7fab0a49786d01c8dc28"
        },
        {
          "type": "image",
          "assetId": "uUGDIRiykq5D",
          "checksum": "d7aa7aa251e83c357b8d32775ff9d4d7"
        },
        {
          "type": "image",
          "assetId": "cyX3Z66Eub0u",
          "checksum": "c3858f82bebe3408e18ac84244da5e4e"
        },
        {
          "type": "image",
          "assetId": "hE4WW6Q_vrkF",
          "checksum": "7db89f2020fd3433c6ca9cfa370e1cae"
        },
        {
          "type": "image",
          "assetId": "Wpiz-uIvesa0",
          "checksum": "61e49a38e1b764830c6246070a523ff4"
        },
        {
          "type": "image",
          "assetId": "qAgOa8hMON_5",
          "checksum": "6b70ace54f869c5eb9c3fdb0d32ee6d6"
        },
        {
          "type": "image",
          "assetId": "5vyC18-GVmTN",
          "checksum": "22bae55e60b8124b5ba97d832dd4f99f"
        },
        {
          "type": "image",
          "assetId": "eNictA6Bk-E8",
          "checksum": "1a5cacf098a7ec9b1780c13d4d434238"
        },
        {
          "type": "image",
          "assetId": "3F0osQR9lhYJ",
          "checksum": "3b2c8551b90e6ff284a0cb9adeade672"
        },
        {
          "type": "image",
          "assetId": "bRzifKrbzH8K",
          "checksum": "7ec4e3cf6786bdb3afea0629e77b84e4"
        },
        {
          "type": "image",
          "assetId": "YcStOOuJloht",
          "checksum": "d8961ed865ff209ea1b8314e367d6ec4"
        },
        {
          "type": "image",
          "assetId": "HV2VZBwHcFvB",
          "checksum": "67f658728d084aedef8a19d1137f1620"
        },
        {
          "type": "image",
          "assetId": "UNlLUwlbwsrX",
          "checksum": "48d9c251ea231c26f24a64f2acaa70f3"
        },
        {
          "type": "image",
          "assetId": "BAUhRcQJdWG5",
          "checksum": "d09a5a22693e47b35751048b3b9c8d98"
        },
        {
          "type": "image",
          "assetId": "EKE5OdiIzumY",
          "checksum": "0d1b46abc8c0de1678734f699deebc42"
        },
        {
          "type": "image",
          "assetId": "YICguZYHug50",
          "checksum": "ad963dbe5dc86727f44c69882633fd37"
        },
        {
          "type": "image",
          "assetId": "IPzJQeKIiViZ",
          "checksum": "4457bb431221d13a8ef277a090f4e24f"
        },
        {
          "type": "image",
          "assetId": "ojbsa-ELMlZp",
          "checksum": "366bc6170c76a546df0099320b25f1a3"
        },
        {
          "type": "image",
          "assetId": "Jg0n-g0h8hvM",
          "checksum": "125a5013ce626b4b710264b39ad88ec1"
        },
        {
          "type": "image",
          "assetId": "Dyaqi30fFvRN",
          "checksum": "19ba54059ae165f7dd1255f1410545b5"
        },
        {
          "type": "image",
          "assetId": "AOMKBaVwVMUh",
          "checksum": "aab63eb1f145be1fced22d3073f3a458"
        },
        {
          "type": "image",
          "assetId": "SUnU_MZslC3G",
          "checksum": "d4ad242bc3260c4256764ddc556b2d23"
        },
        {
          "type": "image",
          "assetId": "Wjgme7R29ZrU",
          "checksum": "e8f21bd5976d098ad5b3b05a711fd824"
        },
        {
          "type": "image",
          "assetId": "e1cP_uRnyRNF",
          "checksum": "9e42dc24acc9be85a4532f0bc28b21e6"
        },
        {
          "type": "image",
          "assetId": "2eE3kd_KpGhs",
          "checksum": "042013c611980d89696ac6f47da0fb38"
        },
        {
          "type": "image",
          "assetId": "kQ-aRRdNl7Vi",
          "checksum": "7ed9b70d06ffbbe60dbe71e98c6aefa6"
        },
        {
          "type": "image",
          "assetId": "UND3tATUE2TI",
          "checksum": "79ad0e44513d2a885bea8bc3c383964c"
        },
        {
          "type": "image",
          "assetId": "lwaVZ8eNW7jV",
          "checksum": "8148ad9b5052803e3d6c81a212da4c80"
        },
        {
          "type": "image",
          "assetId": "wQv3P-Sgbaro",
          "checksum": "51392812040730ec6a4beb58f84f53ce"
        },
        {
          "type": "image",
          "assetId": "CZ31Hk4OuMcE",
          "checksum": "a658566f2bc5b034b52c4f079c664897"
        },
        {
          "type": "image",
          "assetId": "yu3UYsjCPQrs",
          "checksum": "ec82b800215feddcf20b6a3e5a8931c4"
        },
        {
          "type": "image",
          "assetId": "EOq9YJhLXDmJ",
          "checksum": "d84e2a1e5b43c3b1aac98be6a9ff43ec"
        },
        {
          "type": "image",
          "assetId": "T16W5PmfBjbi",
          "checksum": "d9e40418980742e48dd8e45fa506ca1f"
        },
        {
          "type": "image",
          "assetId": "ZcT-7s40bG1y",
          "checksum": "160f52589166ea28a38c131fbb6ceb3d"
        },
        {
          "type": "image",
          "assetId": "RdLQp5URNSyc",
          "checksum": "593166b1818c69aecab0d33e5ed2162e"
        },
        {
          "type": "image",
          "assetId": "bK5Pu4OsygO2",
          "checksum": "79fd263c5511826602d61fa5959112c5"
        },
        {
          "type": "image",
          "assetId": "b19RacrS64E_",
          "checksum": "90e78ec78d7fcf780c4cfff00c94be5f"
        },
        {
          "type": "image",
          "assetId": "Wy_LXI5mQYgT",
          "checksum": "9be0cdb28cb9b63e5c684620e485f30b"
        },
        {
          "type": "image",
          "assetId": "aRK8R_ewpMOr",
          "checksum": "d55e6e518abfed96be0a08267bbbbdca"
        },
        {
          "type": "image",
          "assetId": "rQmYkJCpf7lv",
          "checksum": "1e6fdefb661c565336669c2ae508f84b"
        },
        {
          "type": "image",
          "assetId": "_cXLz0dalLXS",
          "checksum": "c2daa06f8976466248bb5db84068c93e"
        },
        {
          "type": "image",
          "assetId": "4gRIlyOh0WFC",
          "checksum": "bdc009b6661b09f8b646daa6ead15841"
        },
        {
          "type": "image",
          "assetId": "TUjoQcn67hXn",
          "checksum": "00ad35e2ff1d4b528ea6a4fd073789fb"
        },
        {
          "type": "image",
          "assetId": "eRfeBKCgSVUS",
          "checksum": "985e1e188425210ddec9961548e5b9a8"
        },
        {
          "type": "image",
          "assetId": "zx0o07PI8KZd",
          "checksum": "699d8e88524436a615457344f1f99619"
        },
        {
          "type": "image",
          "assetId": "ozwS4ePEsdIx",
          "checksum": "e0ffb6b50f67aeff6dc11e222913250a"
        },
        {
          "type": "image",
          "assetId": "CTbGZtEWOekM",
          "checksum": "92dc8293ef4f64fbc435f7df7f6121bf"
        },
        {
          "type": "image",
          "assetId": "W9hQErGec6TY",
          "checksum": "4d09004fa444a379b87d109a91889f0a"
        },
        {
          "type": "image",
          "assetId": "QyokoGuqQlYS",
          "checksum": "75a367c9b12daac6ed4ef2c952965ee1"
        },
        {
          "type": "image",
          "assetId": "TZU09WcDCTgq",
          "checksum": "1737f48ce212870fa08c483250d91508"
        },
        {
          "type": "image",
          "assetId": "LQnnGgA7Fljz",
          "checksum": "b095133114042c5756e15f3c8b3ff29a"
        },
        {
          "type": "image",
          "assetId": "3z9uMr5Kk0HA",
          "checksum": "5ca5ec5973e43c79b6920c1e73df2c5c"
        },
        {
          "type": "image",
          "assetId": "N2tk7I1MVD37",
          "checksum": "9bc5ecf53bd9c3e641cb08cf525118a2"
        },
        {
          "type": "image",
          "assetId": "sYUJ87RlfJNu",
          "checksum": "13badd02e9132de00e62f98cbb2339e8"
        },
        {
          "type": "image",
          "assetId": "7oxKhs5Mo_83",
          "checksum": "f0f68460c8b34c8c1c611441d547ef6d"
        },
        {
          "type": "image",
          "assetId": "OtmzJ3yqEz7s",
          "checksum": "a565c241bc2d46c2df5fe46000e9bae3"
        },
        {
          "type": "image",
          "assetId": "_mdnF7jwwb1b",
          "checksum": "04f516473b4d8ee83ae96653cdc8ae4d"
        },
        {
          "type": "image",
          "assetId": "RJtjvjWDVDxo",
          "checksum": "b1ae82dbbb7351b2cd04c3a041020e3e"
        },
        {
          "type": "image",
          "assetId": "0H3yMH5yXvTQ",
          "checksum": "876d96d99fa4511671fcaa55a1e97504"
        },
        {
          "type": "image",
          "assetId": "2GjKO6Dzf507",
          "checksum": "2117e162e593968bd31d9700b6cd95b0"
        },
        {
          "type": "image",
          "assetId": "MtFiWAHg96sR",
          "checksum": "b02263f20bc2f2039d81a9dbc4970817"
        },
        {
          "type": "image",
          "assetId": "MLV7YAIbPbvU",
          "checksum": "c83100ae366aaa0515d9e780ac3d6c51"
        },
        {
          "type": "image",
          "assetId": "YWK3UJdOTuPv",
          "checksum": "99bc05cbb38e7a0e503c4acd1c95ea93"
        },
        {
          "type": "image",
          "assetId": "v0L_uu_YgYox",
          "checksum": "288f96ef280569664ef088eaeb2bed4e"
        },
        {
          "type": "image",
          "assetId": "75mF_v_LoYaY",
          "checksum": "893a89cee8349671389d2f162e21bb6f"
        },
        {
          "type": "image",
          "assetId": "vHLPPBtskTAl",
          "checksum": "a7503e07f827836db75128685e1b8218"
        },
        {
          "type": "image",
          "assetId": "hbnLIhudbE7t",
          "checksum": "670bf84cd837f7c8a5bdb5267cce489f"
        },
        {
          "type": "image",
          "assetId": "jigYf7rE9zlA",
          "checksum": "8ecc7d0e913c6db6942b28b2e86aef23"
        },
        {
          "type": "image",
          "assetId": "tO_h4LsdKdn9",
          "checksum": "ee3b6a90e2c442628117d631c82f2158"
        },
        {
          "type": "image",
          "assetId": "h4L-VDE66JfN",
          "checksum": "34a2fbd1fb0363b0344b1c9c3abca1dd"
        },
        {
          "type": "image",
          "assetId": "fi3IoVt3nMiT",
          "checksum": "d2ab884ddcd930964ea038d2ab8589f1"
        },
        {
          "type": "image",
          "assetId": "VzJoyiXaQ-oj",
          "checksum": "3e43f87a72fdc9900ced1d5369ecc3f1"
        },
        {
          "type": "image",
          "assetId": "YNzPW2r0mEmm",
          "checksum": "56a67463a1da7541644f2a642ff239d4"
        },
        {
          "type": "image",
          "assetId": "JxXzEt9-IUks",
          "checksum": "c6f9643399dcf73cffdc2c4724c25f12"
        },
        {
          "type": "image",
          "assetId": "oJrCoaufPDPf",
          "checksum": "f32eb3872885da2606743e197c7d4d20"
        },
        {
          "type": "image",
          "assetId": "uObwbcggOUZY",
          "checksum": "3a75417d01cd6b411347fd1bfba6db6d"
        },
        {
          "type": "image",
          "assetId": "f-NgLdY5EPfR",
          "checksum": "2409d88e147bb74e42d5e79712cb0fa6"
        },
        {
          "type": "image",
          "assetId": "i-w6r5OlErjs",
          "checksum": "7db88a1121353fda4fb4e12ffb783e1d"
        },
        {
          "type": "image",
          "assetId": "7to2I9asL8eR",
          "checksum": "b98aedb27478d15d590a8d8d7136e4f8"
        },
        {
          "type": "image",
          "assetId": "yb88CbVXw1Ah",
          "checksum": "513d74b5df0612fe0dcac58de397f346"
        },
        {
          "type": "image",
          "assetId": "bkH4GeV_YazJ",
          "checksum": "8e07d9c4c233b3ecfe5b86b3a5100212"
        },
        {
          "type": "image",
          "assetId": "0-FTe7700y84",
          "checksum": "eba213d05e01a640d6f4fee10c30a72b"
        },
        {
          "type": "image",
          "assetId": "U5bgCwbjGwzX",
          "checksum": "a7dfd506401675a93e0165d5b085f6b5"
        },
        {
          "type": "image",
          "assetId": "DZG701rZ6ewi",
          "checksum": "4af920596216abe3b477a7b8cc61ff97"
        },
        {
          "type": "image",
          "assetId": "LXmCOMokqiJe",
          "checksum": "dc62f059be180de81789a25dcaef75c2"
        },
        {
          "type": "image",
          "assetId": "4Pf2TFNu50zr",
          "checksum": "d84f107f6a18ae9b2a128d1c9855963b"
        },
        {
          "type": "image",
          "assetId": "3QE2VFjEOwiB",
          "checksum": "5b4700c4726d6515d7565ccc827d62df"
        },
        {
          "type": "image",
          "assetId": "RlqtPp1nGRoo",
          "checksum": "2e4e30434e012b208f31c0ec3ac4abfe"
        },
        {
          "type": "image",
          "assetId": "3VBusym6Utgu",
          "checksum": "e7e069b8504bc0372ba99f19e814daba"
        },
        {
          "type": "image",
          "assetId": "gLkkMc5ikQcW",
          "checksum": "339935b102c444df7b120181d043cec3"
        },
        {
          "type": "image",
          "assetId": "UKq1nv9IeAWi",
          "checksum": "5cd00e4f05778e6c1c8471ab10811059"
        },
        {
          "type": "image",
          "assetId": "LDLc8SWTOi_V",
          "checksum": "51858e1de7c568cb474399492aa194be"
        },
        {
          "type": "image",
          "assetId": "CO_V7hOSMooF",
          "checksum": "c7188ae5853577439592f5be975e6b0c"
        },
        {
          "type": "image",
          "assetId": "V4KDnCs8YB7U",
          "checksum": "8d3d115a706bad54e72a2bc12aec3810"
        },
        {
          "type": "image",
          "assetId": "wZcZhmkNnMWN",
          "checksum": "ff92c5504be21816d3d94a3d90dd9c54"
        },
        {
          "type": "image",
          "assetId": "nb4cBBF88qv7",
          "checksum": "b67c0948a9eb87459d1efe54b1668638"
        },
        {
          "type": "image",
          "assetId": "YWZCsl-sqVG1",
          "checksum": "b251f93499cc0d6a255ad261da8a5768"
        },
        {
          "type": "image",
          "assetId": "essbbPj6amdP",
          "checksum": "822ab9b338e889faa6d6e9d972b170f3"
        },
        {
          "type": "image",
          "assetId": "2_8R-p2K2YRw",
          "checksum": "af0a62a09127b0c0396dee28e0112f9a"
        },
        {
          "type": "image",
          "assetId": "NDNCtE3Zuh9g",
          "checksum": "2e2515d85eaa4464ddbe12ace7244493"
        },
        {
          "type": "image",
          "assetId": "NZgU1He2xZj9",
          "checksum": "9a623fae0e3fdad9eb32ac5cc7ed0e62"
        },
        {
          "type": "image",
          "assetId": "PnZs2V9GrK-1",
          "checksum": "01c461068892bf381b5341a7eeba3f0d"
        },
        {
          "type": "image",
          "assetId": "M21osYgmCmXp",
          "checksum": "aedbae9075bc8079f07910a6edd8ad84"
        },
        {
          "type": "image",
          "assetId": "uDsxgGJHSJvZ",
          "checksum": "cb09f0f37758cff20856eeba6a244d6b"
        },
        {
          "type": "image",
          "assetId": "CCyNvmF1ABTz",
          "checksum": "53bd69f36f0137adc11104fe401801ec"
        },
        {
          "type": "image",
          "assetId": "s0eAe9P81zUh",
          "checksum": "ec02822ec267cc64747df79b3a8dade5"
        },
        {
          "type": "image",
          "assetId": "bhNVkMVpQba1",
          "checksum": "e83ebbda894a20b0f1a7e86954b18643"
        },
        {
          "type": "image",
          "assetId": "h03ZtxY8EN4h",
          "checksum": "30ace39e0bf88beb2c70bab3b1166aa8"
        },
        {
          "type": "image",
          "assetId": "ktEXoW9CnRj_",
          "checksum": "85294cf6fdce5a2c5a29656d3936dd24"
        },
        {
          "type": "image",
          "assetId": "33d63kD3s6c3",
          "checksum": "90b22120443e6fc204400988756a393f"
        },
        {
          "type": "image",
          "assetId": "eVkrwzSfVVPI",
          "checksum": "3086ce1ed34ecfc93d0afe271abea83b"
        },
        {
          "type": "image",
          "assetId": "YUFkbjNmr6wi",
          "checksum": "b097a55f870d255a99ebac1dce80ab06"
        },
        {
          "type": "image",
          "assetId": "KTel1qRPkIcX",
          "checksum": "90e8f8c7f25b4bd1babb57547015412a"
        },
        {
          "type": "image",
          "assetId": "s78hyk334UD3",
          "checksum": "ba0c5f7940dbbdd4c1876078640d024c"
        },
        {
          "type": "image",
          "assetId": "VdjoEnpi2V2L",
          "checksum": "690be1a091665c8a544ffaabde8433f7"
        },
        {
          "type": "image",
          "assetId": "R7L6vZGqKj-E",
          "checksum": "f738ce9931c04e8543a6c47b03bb11a0"
        },
        {
          "type": "image",
          "assetId": "U963_zsrzA1e",
          "checksum": "cba3ae33db49d57c5e5b37718a85f08d"
        },
        {
          "type": "image",
          "assetId": "naFl93ebPXtk",
          "checksum": "d65150acd2b355b0cfaf294eea3f6c5f"
        },
        {
          "type": "image",
          "assetId": "aXe9TgmKjdkw",
          "checksum": "b1810a90aff4251d6b2c361a01a525f7"
        },
        {
          "type": "image",
          "assetId": "OCFKCJqVRWat",
          "checksum": "04ce499a123f74c811983e4d84f0ff8a"
        },
        {
          "type": "image",
          "assetId": "xxX1LM0zs75k",
          "checksum": "596e43301d72e43f393820ac65de46c6"
        },
        {
          "type": "image",
          "assetId": "waE4Qg4qGmQ6",
          "checksum": "199edd4ca1e27a99c94aeecce53966b5"
        },
        {
          "type": "image",
          "assetId": "inQ3s2oQ2el1",
          "checksum": "03d23d347a015780d2aa0440c5734e7f"
        },
        {
          "type": "image",
          "assetId": "KvRARo57PzLk",
          "checksum": "127ea45e3edc315bf200918bccd886d6"
        },
        {
          "type": "image",
          "assetId": "el2LHWLYu95F",
          "checksum": "55a42d4ef6965a352511d7ed9d5c6878"
        },
        {
          "type": "image",
          "assetId": "VcJzWTXjqjmp",
          "checksum": "dfbb779d07dfcd0f73234b1d863b0bdb"
        },
        {
          "type": "image",
          "assetId": "NcPWpfiKIUVe",
          "checksum": "44ed1fb1ec065e9ab44b37d3f2ad348c"
        },
        {
          "type": "image",
          "assetId": "inx-uuFxm_G3",
          "checksum": "941e1ec985caa44acf2caab7489a65e8"
        },
        {
          "type": "image",
          "assetId": "qwgZLuJfOO9V",
          "checksum": "0f4cbf953f1271987aec2a19ce71ce9a"
        },
        {
          "type": "image",
          "assetId": "Rg9mL0VTJApL",
          "checksum": "7303fbf27458bf3222637655509e468a"
        },
        {
          "type": "image",
          "assetId": "ZZ1K3IC6Hzqk",
          "checksum": "a1684deb4272b0dcc2cb684e25207bdc"
        },
        {
          "type": "image",
          "assetId": "ekeTGCVw9Qb7",
          "checksum": "2865073a2d35fdbdd1f9ca3607abf187"
        },
        {
          "type": "image",
          "assetId": "sJsg5B_yjNKB",
          "checksum": "34746ab09d5906dc3fbe70ccaed58c6a"
        },
        {
          "type": "image",
          "assetId": "3UCBtHmlIPDu",
          "checksum": "0abdc65265af6e360df9826993e8679d"
        },
        {
          "type": "image",
          "assetId": "V7f67Qk138Jf",
          "checksum": "b90ee772e14988855d1f488eeb0e374e"
        },
        {
          "type": "image",
          "assetId": "jU85kTaL5iRI",
          "checksum": "1957b4623e8f627e22f1bafeef68ef6e"
        },
        {
          "type": "image",
          "assetId": "uxH95MR3PhFs",
          "checksum": "5e02a6b4818432d3332c269946cd2bda"
        },
        {
          "type": "image",
          "assetId": "i0ngT8PsTbvW",
          "checksum": "e987ab07513e936d3fdda9c1108018ce"
        },
        {
          "type": "image",
          "assetId": "8b0v2QmCICxT",
          "checksum": "e8bb9726e94a9f863b54bc4599f3b728"
        },
        {
          "type": "image",
          "assetId": "-_Fc3blL7_ou",
          "checksum": "1ddac28c5c2d3cdc6545a942712a3bd5"
        },
        {
          "type": "image",
          "assetId": "xTu3UDPpXUbi",
          "checksum": "1df1af9829d037344e7f380b73532566"
        },
        {
          "type": "image",
          "assetId": "_0IBLsylrCb2",
          "checksum": "89412e823e54cc743fb01e90ae6f4ca4"
        },
        {
          "type": "image",
          "assetId": "ZoQerPq1UR_p",
          "checksum": "16b11f1a0522c3a33073cb81cf7a3ad5"
        },
        {
          "type": "image",
          "assetId": "-1PF0836oXA1",
          "checksum": "3b1cfdc564831f53464471f6b65675f4"
        },
        {
          "type": "image",
          "assetId": "UG8g3etT1BJY",
          "checksum": "ae6150d91cdc2b7d13aee754ab29af1e"
        },
        {
          "type": "image",
          "assetId": "N4FYbAnSbhx6",
          "checksum": "c0f7fe273189351aa65d33374135642e"
        },
        {
          "type": "image",
          "assetId": "9QUIIUXv4Ui5",
          "checksum": "bdb35aba5a0b4ed1bf000d912fa668b9"
        },
        {
          "type": "image",
          "assetId": "hiF0xgO9XOfE",
          "checksum": "958ddc9f3bc981d39cbdc0c25519c60b"
        },
        {
          "type": "image",
          "assetId": "SdKYyl1Tepim",
          "checksum": "9114a9df39ec2097c255e4514daaeb31"
        },
        {
          "type": "image",
          "assetId": "5AfC37SR_XBp",
          "checksum": "47dcdc9114496ff76eb3b928ff68bfe9"
        },
        {
          "type": "image",
          "assetId": "FmIGzSIOirQB",
          "checksum": "ed5f4bb4f63a711ec64f862c66305cd2"
        },
        {
          "type": "image",
          "assetId": "1O7pQePxbIM5",
          "checksum": "5a646ecd8ca2fa2df837dc8ddfd58574"
        },
        {
          "type": "image",
          "assetId": "8lYu0ZaaKWuB",
          "checksum": "d984a0e4409d85047f868953efa44c4b"
        },
        {
          "type": "image",
          "assetId": "nPaFkhRD0rBX",
          "checksum": "3ae3d5955ff5f0228e1c85c308530dab"
        },
        {
          "type": "image",
          "assetId": "PK5_3QXf60DK",
          "checksum": "d6927d32ffac6a137ec258d24351fb8e"
        },
        {
          "type": "image",
          "assetId": "6A_glqdCaXPf",
          "checksum": "ffa9eca9d67f4112c1c7ab72f59fc8d4"
        },
        {
          "type": "image",
          "assetId": "8GgjFucOcS3L",
          "checksum": "ce0b297789e089698e0b32fb4461b667"
        },
        {
          "type": "image",
          "assetId": "GLg7k0Cj-PpS",
          "checksum": "eba876e01e5db9311d6620c6dbe8f8f1"
        },
        {
          "type": "image",
          "assetId": "hLciIyNAor1I",
          "checksum": "757a5e60ba77c52945e3da084fcf7bc9"
        },
        {
          "type": "image",
          "assetId": "vKq_iDjukdu2",
          "checksum": "e49a75d3d8fbeac1174182a84545372b"
        },
        {
          "type": "image",
          "assetId": "o28GLW5B7fYv",
          "checksum": "4b9c583813ed56f80c7ab1383d2cf2f2"
        },
        {
          "type": "image",
          "assetId": "zMsrQKNMZOJ1",
          "checksum": "7ec10beddbc3b48e2c465ba6ba61ac79"
        },
        {
          "type": "image",
          "assetId": "dHn5W1eJvx6W",
          "checksum": "81167d107d85e34014a5f3ad821e265a"
        },
        {
          "type": "image",
          "assetId": "sqVXLICtASOI",
          "checksum": "22d3f9d29cf9f49f85952ed9c85d93f3"
        },
        {
          "type": "image",
          "assetId": "6hlkDMJBXpQ-",
          "checksum": "88d497cc6c1d0b0c113cb470299af3a0"
        },
        {
          "type": "image",
          "assetId": "bLamxTK5_7ma",
          "checksum": "ed80109a148c258cdcc33d2b7c07f374"
        },
        {
          "type": "image",
          "assetId": "MFUxbZ5JAHHz",
          "checksum": "39a518690a440df2da45653fe4db8a12"
        },
        {
          "type": "image",
          "assetId": "aiXJYqe0Pnn-",
          "checksum": "67703be9a6a383cfa55dae36dfa7c276"
        },
        {
          "type": "image",
          "assetId": "1TPqG3K8_Qbh",
          "checksum": "abaf6b4c67fe82e3bfe3ed8655943909"
        },
        {
          "type": "image",
          "assetId": "P7tjQ9dzf9PW",
          "checksum": "105d9e09db49f086cbdafab27e417cd0"
        }
      ],
      "codegenVersion": "0.0.1"
    },
    {
      "projectId": "ohDidvG9XsCeFumugENU3J",
      "version": "6.2.0",
      "dependencies": {},
      "lang": "js",
      "fileLocks": [
        {
          "assetId": "ohDidvG9XsCeFumugENU3J",
          "type": "projectCss",
          "checksum": "fd83b730367fdbde2c69bc6cf31c2a3c"
        },
        {
          "assetId": "ohDidvG9XsCeFumugENU3J",
          "checksum": "9edd6de3249e8ce87ee98f963fba1736",
          "type": "globalContexts"
        }
      ],
      "codegenVersion": "0.0.1"
    }
  ],
  "cliVersion": "0.1.308"
}
